schema: '2.0'
stages:
  preprocess:
    cmd: python src/data/preprocess.py
    deps:
    - path: data/raw/customer_churn.csv
      hash: md5
      md5: 0f9de68e012bd3aed5fa7cdc9fc421af
      size: 977501
    - path: src/data/preprocess.py
      hash: md5
      md5: a262d695c255ba39f78d366694044098
      size: 1237
    outs:
    - path: data/processed/test.csv
      hash: md5
      md5: 33cd3cde0207c186ba8d3838df3b4131
      size: 180235
    - path: data/processed/train.csv
      hash: md5
      md5: 8de4474875fb40d40b55fb9018764f9c
      size: 709337
