schema: '2.0'
stages:
  preprocess:
    cmd: python src/data/preprocess.py
    deps:
    - path: data/raw/customer_churn.csv
      hash: md5
      md5: 0f9de68e012bd3aed5fa7cdc9fc421af
      size: 977501
    - path: src/data/preprocess.py
      hash: md5
      md5: d297780a54d0857c39b7692c867ca19e
      size: 1280
    outs:
    - path: data/processed/test.csv
      hash: md5
      md5: 2e33cc6768f94f3bde7ee082c7df3d86
      size: 181638
    - path: data/processed/train.csv
      hash: md5
      md5: 528b79eceeb689fe9969d3e46557c206
      size: 714946
